// !$*UTF8*$!
{
	archiveVersion = 1;
	classes = {
	};
	objectVersion = 50;
	objects = {

/* Begin PBXBuildFile section */
		E653C3882208AE290023EEF3 /* AppDelegate.swift in Sources */ = {isa = PBXBuildFile; fileRef = E653C3872208AE290023EEF3 /* AppDelegate.swift */; };
		E653C38A2208AE290023EEF3 /* ViewController.swift in Sources */ = {isa = PBXBuildFile; fileRef = E653C3892208AE290023EEF3 /* ViewController.swift */; };
		E653C38D2208AE290023EEF3 /* Main.storyboard in Resources */ = {isa = PBXBuildFile; fileRef = E653C38B2208AE290023EEF3 /* Main.storyboard */; };
		E653C3902208AE290023EEF3 /* Hello_World.xcdatamodeld in Sources */ = {isa = PBXBuildFile; fileRef = E653C38E2208AE290023EEF3 /* Hello_World.xcdatamodeld */; };
		E653C3922208AE2B0023EEF3 /* Assets.xcassets in Resources */ = {isa = PBXBuildFile; fileRef = E653C3912208AE2B0023EEF3 /* Assets.xcassets */; };
		E653C3952208AE2B0023EEF3 /* LaunchScreen.storyboard in Resources */ = {isa = PBXBuildFile; fileRef = E653C3932208AE2B0023EEF3 /* LaunchScreen.storyboard */; };
		E653C3A02208AE2B0023EEF3 /* Hello_WorldTests.swift in Sources */ = {isa = PBXBuildFile; fileRef = E653C39F2208AE2B0023EEF3 /* Hello_WorldTests.swift */; };
		E653C3AB2208AE2B0023EEF3 /* Hello_WorldUITests.swift in Sources */ = {isa = PBXBuildFile; fileRef = E653C3AA2208AE2B0023EEF3 /* Hello_WorldUITests.swift */; };
/* End PBXBuildFile section */

/* Begin PBXContainerItemProxy section */
		E653C39C2208AE2B0023EEF3 /* PBXContainerItemProxy */ = {
			isa = PBXContainerItemProxy;
			containerPortal = E653C37C2208AE290023EEF3 /* Project object */;
			proxyType = 1;
			remoteGlobalIDString = E653C3832208AE290023EEF3;
			remoteInfo = Hello_World;
		};
		E653C3A72208AE2B0023EEF3 /* PBXContainerItemProxy */ = {
			isa = PBXContainerItemProxy;
			containerPortal = E653C37C2208AE290023EEF3 /* Project object */;
			proxyType = 1;
			remoteGlobalIDString = E653C3832208AE290023EEF3;
			remoteInfo = Hello_World;
		};
/* End PBXContainerItemProxy section */

/* Begin PBXFileReference section */
		E653C3842208AE290023EEF3 /* Hello_World.app */ = {isa = PBXFileReference; explicitFileType = wrapper.application; includeInIndex = 0; path = Hello_World.app; sourceTree = BUILT_PRODUCTS_DIR; };
		E653C3872208AE290023EEF3 /* AppDelegate.swift */ = {isa = PBXFileReference; lastKnownFileType = sourcecode.swift; path = AppDelegate.swift; sourceTree = "<group>"; };
		E653C3892208AE290023EEF3 /* ViewController.swift */ = {isa = PBXFileReference; lastKnownFileType = sourcecode.swift; path = ViewController.swift; sourceTree = "<group>"; };
		E653C38C2208AE290023EEF3 /* Base */ = {isa = PBXFileReference; lastKnownFileType = file.storyboard; name = Base; path = Base.lproj/Main.storyboard; sourceTree = "<group>"; };
		E653C38F2208AE290023EEF3 /* Hello_World.xcdatamodel */ = {isa = PBXFileReference; lastKnownFileType = wrapper.xcdatamodel; path = Hello_World.xcdatamodel; sourceTree = "<group>"; };
		E653C3912208AE2B0023EEF3 /* Assets.xcassets */ = {isa = PBXFileReference; lastKnownFileType = folder.assetcatalog; path = Assets.xcassets; sourceTree = "<group>"; };
		E653C3942208AE2B0023EEF3 /* Base */ = {isa = PBXFileReference; lastKnownFileType = file.storyboard; name = Base; path = Base.lproj/LaunchScreen.storyboard; sourceTree = "<group>"; };
		E653C3962208AE2B0023EEF3 /* Info.plist */ = {isa = PBXFileReference; lastKnownFileType = text.plist.xml; path = Info.plist; sourceTree = "<group>"; };
		E653C39B2208AE2B0023EEF3 /* Hello_WorldTests.xctest */ = {isa = PBXFileReference; explicitFileType = wrapper.cfbundle; includeInIndex = 0; path = Hello_WorldTests.xctest; sourceTree = BUILT_PRODUCTS_DIR; };
		E653C39F2208AE2B0023EEF3 /* Hello_WorldTests.swift */ = {isa = PBXFileReference; lastKnownFileType = sourcecode.swift; path = Hello_WorldTests.swift; sourceTree = "<group>"; };
		E653C3A12208AE2B0023EEF3 /* Info.plist */ = {isa = PBXFileReference; lastKnownFileType = text.plist.xml; path = Info.plist; sourceTree = "<group>"; };
		E653C3A62208AE2B0023EEF3 /* Hello_WorldUITests.xctest */ = {isa = PBXFileReference; explicitFileType = wrapper.cfbundle; includeInIndex = 0; path = Hello_WorldUITests.xctest; sourceTree = BUILT_PRODUCTS_DIR; };
		E653C3AA2208AE2B0023EEF3 /* Hello_WorldUITests.swift */ = {isa = PBXFileReference; lastKnownFileType = sourcecode.swift; path = Hello_WorldUITests.swift; sourceTree = "<group>"; };
		E653C3AC2208AE2B0023EEF3 /* Info.plist */ = {isa = PBXFileReference; lastKnownFileType = text.plist.xml; path = Info.plist; sourceTree = "<group>"; };
/* End PBXFileReference section */

/* Begin PBXFrameworksBuildPhase section */
		E653C3812208AE290023EEF3 /* Frameworks */ = {
			isa = PBXFrameworksBuildPhase;
			buildActionMask = 2147483647;
			files = (
			);
			runOnlyForDeploymentPostprocessing = 0;
		};
		E653C3982208AE2B0023EEF3 /* Frameworks */ = {
			isa = PBXFrameworksBuildPhase;
			buildActionMask = 2147483647;
			files = (
			);
			runOnlyForDeploymentPostprocessing = 0;
		};
		E653C3A32208AE2B0023EEF3 /* Frameworks */ = {
			isa = PBXFrameworksBuildPhase;
			buildActionMask = 2147483647;
			files = (
			);
			runOnlyForDeploymentPostprocessing = 0;
		};
/* End PBXFrameworksBuildPhase section */

/* Begin PBXGroup section */
		E653C37B2208AE290023EEF3 = {
			isa = PBXGroup;
			children = (
				E653C3862208AE290023EEF3 /* Hello_World */,
				E653C39E2208AE2B0023EEF3 /* Hello_WorldTests */,
				E653C3A92208AE2B0023EEF3 /* Hello_WorldUITests */,
				E653C3852208AE290023EEF3 /* Products */,
			);
			sourceTree = "<group>";
		};
		E653C3852208AE290023EEF3 /* Products */ = {
			isa = PBXGroup;
			children = (
				E653C3842208AE290023EEF3 /* Hello_World.app */,
				E653C39B2208AE2B0023EEF3 /* Hello_WorldTests.xctest */,
				E653C3A62208AE2B0023EEF3 /* Hello_WorldUITests.xctest */,
			);
			name = Products;
			sourceTree = "<group>";
		};
		E653C3862208AE290023EEF3 /* Hello_World */ = {
			isa = PBXGroup;
			children = (
				E653C3872208AE290023EEF3 /* AppDelegate.swift */,
				E653C3892208AE290023EEF3 /* ViewController.swift */,
				E653C38B2208AE290023EEF3 /* Main.storyboard */,
				E653C3912208AE2B0023EEF3 /* Assets.xcassets */,
				E653C3932208AE2B0023EEF3 /* LaunchScreen.storyboard */,
				E653C3962208AE2B0023EEF3 /* Info.plist */,
				E653C38E2208AE290023EEF3 /* Hello_World.xcdatamodeld */,
			);
			path = Hello_World;
			sourceTree = "<group>";
		};
		E653C39E2208AE2B0023EEF3 /* Hello_WorldTests */ = {
			isa = PBXGroup;
			children = (
				E653C39F2208AE2B0023EEF3 /* Hello_WorldTests.swift */,
				E653C3A12208AE2B0023EEF3 /* Info.plist */,
			);
			path = Hello_WorldTests;
			sourceTree = "<group>";
		};
		E653C3A92208AE2B0023EEF3 /* Hello_WorldUITests */ = {
			isa = PBXGroup;
			children = (
				E653C3AA2208AE2B0023EEF3 /* Hello_WorldUITests.swift */,
				E653C3AC2208AE2B0023EEF3 /* Info.plist */,
			);
			path = Hello_WorldUITests;
			sourceTree = "<group>";
		};
/* End PBXGroup section */

/* Begin PBXNativeTarget section */
		E653C3832208AE290023EEF3 /* Hello_World */ = {
			isa = PBXNativeTarget;
			buildConfigurationList = E653C3AF2208AE2B0023EEF3 /* Build configuration list for PBXNativeTarget "Hello_World" */;
			buildPhases = (
				E653C3802208AE290023EEF3 /* Sources */,
				E653C3812208AE290023EEF3 /* Frameworks */,
				E653C3822208AE290023EEF3 /* Resources */,
			);
			buildRules = (
			);
			dependencies = (
			);
			name = Hello_World;
			productName = Hello_World;
			productReference = E653C3842208AE290023EEF3 /* Hello_World.app */;
			productType = "com.apple.product-type.application";
		};
		E653C39A2208AE2B0023EEF3 /* Hello_WorldTests */ = {
			isa = PBXNativeTarget;
			buildConfigurationList = E653C3B22208AE2B0023EEF3 /* Build configuration list for PBXNativeTarget "Hello_WorldTests" */;
			buildPhases = (
				E653C3972208AE2B0023EEF3 /* Sources */,
				E653C3982208AE2B0023EEF3 /* Frameworks */,
				E653C3992208AE2B0023EEF3 /* Resources */,
			);
			buildRules = (
			);
			dependencies = (
				E653C39D2208AE2B0023EEF3 /* PBXTargetDependency */,
			);
			name = Hello_WorldTests;
			productName = Hello_WorldTests;
			productReference = E653C39B2208AE2B0023EEF3 /* Hello_WorldTests.xctest */;
			productType = "com.apple.product-type.bundle.unit-test";
		};
		E653C3A52208AE2B0023EEF3 /* Hello_WorldUITests */ = {
			isa = PBXNativeTarget;
			buildConfigurationList = E653C3B52208AE2B0023EEF3 /* Build configuration list for PBXNativeTarget "Hello_WorldUITests" */;
			buildPhases = (
				E653C3A22208AE2B0023EEF3 /* Sources */,
				E653C3A32208AE2B0023EEF3 /* Frameworks */,
				E653C3A42208AE2B0023EEF3 /* Resources */,
			);
			buildRules = (
			);
			dependencies = (
				E653C3A82208AE2B0023EEF3 /* PBXTargetDependency */,
			);
			name = Hello_WorldUITests;
			productName = Hello_WorldUITests;
			productReference = E653C3A62208AE2B0023EEF3 /* Hello_WorldUITests.xctest */;
			productType = "com.apple.product-type.bundle.ui-testing";
		};
/* End PBXNativeTarget section */

/* Begin PBXProject section */
		E653C37C2208AE290023EEF3 /* Project object */ = {
			isa = PBXProject;
			attributes = {
				LastSwiftUpdateCheck = 1010;
				LastUpgradeCheck = 1010;
				ORGANIZATIONNAME = "Aaron Henry";
				TargetAttributes = {
					E653C3832208AE290023EEF3 = {
						CreatedOnToolsVersion = 10.1;
					};
					E653C39A2208AE2B0023EEF3 = {
						CreatedOnToolsVersion = 10.1;
						TestTargetID = E653C3832208AE290023EEF3;
					};
					E653C3A52208AE2B0023EEF3 = {
						CreatedOnToolsVersion = 10.1;
						TestTargetID = E653C3832208AE290023EEF3;
					};
				};
			};
			buildConfigurationList = E653C37F2208AE290023EEF3 /* Build configuration list for PBXProject "Hello_World" */;
			compatibilityVersion = "Xcode 9.3";
			developmentRegion = en;
			hasScannedForEncodings = 0;
			knownRegions = (
				en,
				Base,
			);
			mainGroup = E653C37B2208AE290023EEF3;
			productRefGroup = E653C3852208AE290023EEF3 /* Products */;
			projectDirPath = "";
			projectRoot = "";
			targets = (
				E653C3832208AE290023EEF3 /* Hello_World */,
				E653C39A2208AE2B0023EEF3 /* Hello_WorldTests */,
				E653C3A52208AE2B0023EEF3 /* Hello_WorldUITests */,
			);
		};
/* End PBXProject section */

/* Begin PBXResourcesBuildPhase section */
		E653C3822208AE290023EEF3 /* Resources */ = {
			isa = PBXResourcesBuildPhase;
			buildActionMask = 2147483647;
			files = (
				E653C3952208AE2B0023EEF3 /* LaunchScreen.storyboard in Resources */,
				E653C3922208AE2B0023EEF3 /* Assets.xcassets in Resources */,
				E653C38D2208AE290023EEF3 /* Main.storyboard in Resources */,
			);
			runOnlyForDeploymentPostprocessing = 0;
		};
		E653C3992208AE2B0023EEF3 /* Resources */ = {
			isa = PBXResourcesBuildPhase;
			buildActionMask = 2147483647;
			files = (
			);
			runOnlyForDeploymentPostprocessing = 0;
		};
		E653C3A42208AE2B0023EEF3 /* Resources */ = {
			isa = PBXResourcesBuildPhase;
			buildActionMask = 2147483647;
			files = (
			);
			runOnlyForDeploymentPostprocessing = 0;
		};
/* End PBXResourcesBuildPhase section */

/* Begin PBXSourcesBuildPhase section */
		E653C3802208AE290023EEF3 /* Sources */ = {
			isa = PBXSourcesBuildPhase;
			buildActionMask = 2147483647;
			files = (
				E653C3902208AE290023EEF3 /* Hello_World.xcdatamodeld in Sources */,
				E653C38A2208AE290023EEF3 /* ViewController.swift in Sources */,
				E653C3882208AE290023EEF3 /* AppDelegate.swift in Sources */,
			);
			runOnlyForDeploymentPostprocessing = 0;
		};
		E653C3972208AE2B0023EEF3 /* Sources */ = {
			isa = PBXSourcesBuildPhase;
			buildActionMask = 2147483647;
			files = (
				E653C3A02208AE2B0023EEF3 /* Hello_WorldTests.swift in Sources */,
			);
			runOnlyForDeploymentPostprocessing = 0;
		};
		E653C3A22208AE2B0023EEF3 /* Sources */ = {
			isa = PBXSourcesBuildPhase;
			buildActionMask = 2147483647;
			files = (
				E653C3AB2208AE2B0023EEF3 /* Hello_WorldUITests.swift in Sources */,
			);
			runOnlyForDeploymentPostprocessing = 0;
		};
/* End PBXSourcesBuildPhase section */

/* Begin PBXTargetDependency section */
		E653C39D2208AE2B0023EEF3 /* PBXTargetDependency */ = {
			isa = PBXTargetDependency;
			target = E653C3832208AE290023EEF3 /* Hello_World */;
			targetProxy = E653C39C2208AE2B0023EEF3 /* PBXContainerItemProxy */;
		};
		E653C3A82208AE2B0023EEF3 /* PBXTargetDependency */ = {
			isa = PBXTargetDependency;
			target = E653C3832208AE290023EEF3 /* Hello_World */;
			targetProxy = E653C3A72208AE2B0023EEF3 /* PBXContainerItemProxy */;
		};
/* End PBXTargetDependency section */

/* Begin PBXVariantGroup section */
		E653C38B2208AE290023EEF3 /* Main.storyboard */ = {
			isa = PBXVariantGroup;
			children = (
				E653C38C2208AE290023EEF3 /* Base */,
			);
			name = Main.storyboard;
			sourceTree = "<group>";
		};
		E653C3932208AE2B0023EEF3 /* LaunchScreen.storyboard */ = {
			isa = PBXVariantGroup;
			children = (
				E653C3942208AE2B0023EEF3 /* Base */,
			);
			name = LaunchScreen.storyboard;
			sourceTree = "<group>";
		};
/* End PBXVariantGroup section */

/* Begin XCBuildConfiguration section */
		E653C3AD2208AE2B0023EEF3 /* Debug */ = {
			isa = XCBuildConfiguration;
			buildSettings = {
				ALWAYS_SEARCH_USER_PATHS = NO;
				CLANG_ANALYZER_NONNULL = YES;
				CLANG_ANALYZER_NUMBER_OBJECT_CONVERSION = YES_AGGRESSIVE;
				CLANG_CXX_LANGUAGE_STANDARD = "gnu++14";
				CLANG_CXX_LIBRARY = "libc++";
				CLANG_ENABLE_MODULES = YES;
				CLANG_ENABLE_OBJC_ARC = YES;
				CLANG_ENABLE_OBJC_WEAK = YES;
				CLANG_WARN_BLOCK_CAPTURE_AUTORELEASING = YES;
				CLANG_WARN_BOOL_CONVERSION = YES;
				CLANG_WARN_COMMA = YES;
				CLANG_WARN_CONSTANT_CONVERSION = YES;
				CLANG_WARN_DEPRECATED_OBJC_IMPLEMENTATIONS = YES;
				CLANG_WARN_DIRECT_OBJC_ISA_USAGE = YES_ERROR;
				CLANG_WARN_DOCUMENTATION_COMMENTS = YES;
				CLANG_WARN_EMPTY_BODY = YES;
				CLANG_WARN_ENUM_CONVERSION = YES;
				CLANG_WARN_INFINITE_RECURSION = YES;
				CLANG_WARN_INT_CONVERSION = YES;
				CLANG_WARN_NON_LITERAL_NULL_CONVERSION = YES;
				CLANG_WARN_OBJC_IMPLICIT_RETAIN_SELF = YES;
				CLANG_WARN_OBJC_LITERAL_CONVERSION = YES;
				CLANG_WARN_OBJC_ROOT_CLASS = YES_ERROR;
				CLANG_WARN_RANGE_LOOP_ANALYSIS = YES;
				CLANG_WARN_STRICT_PROTOTYPES = YES;
				CLANG_WARN_SUSPICIOUS_MOVE = YES;
				CLANG_WARN_UNGUARDED_AVAILABILITY = YES_AGGRESSIVE;
				CLANG_WARN_UNREACHABLE_CODE = YES;
				CLANG_WARN__DUPLICATE_METHOD_MATCH = YES;
				CODE_SIGN_IDENTITY = "iPhone Developer";
				COPY_PHASE_STRIP = NO;
				DEBUG_INFORMATION_FORMAT = dwarf;
				ENABLE_STRICT_OBJC_MSGSEND = YES;
				ENABLE_TESTABILITY = YES;
				GCC_C_LANGUAGE_STANDARD = gnu11;
				GCC_DYNAMIC_NO_PIC = NO;
				GCC_NO_COMMON_BLOCKS = YES;
				GCC_OPTIMIZATION_LEVEL = 0;
				GCC_PREPROCESSOR_DEFINITIONS = (
					"DEBUG=1",
					"$(inherited)",
				);
				GCC_WARN_64_TO_32_BIT_CONVERSION = YES;
				GCC_WARN_ABOUT_RETURN_TYPE = YES_ERROR;
				GCC_WARN_UNDECLARED_SELECTOR = YES;
				GCC_WARN_UNINITIALIZED_AUTOS = YES_AGGRESSIVE;
				GCC_WARN_UNUSED_FUNCTION = YES;
				GCC_WARN_UNUSED_VARIABLE = YES;
				IPHONEOS_DEPLOYMENT_TARGET = 12.1;
				MTL_ENABLE_DEBUG_INFO = INCLUDE_SOURCE;
				MTL_FAST_MATH = YES;
				ONLY_ACTIVE_ARCH = YES;
				SDKROOT = iphoneos;
				SWIFT_ACTIVE_COMPILATION_CONDITIONS = DEBUG;
				SWIFT_OPTIMIZATION_LEVEL = "-Onone";
			};
			name = Debug;
		};
		E653C3AE2208AE2B0023EEF3 /* Release */ = {
			isa = XCBuildConfiguration;
			buildSettings = {
				ALWAYS_SEARCH_USER_PATHS = NO;
				CLANG_ANALYZER_NONNULL = YES;
				CLANG_ANALYZER_NUMBER_OBJECT_CONVERSION = YES_AGGRESSIVE;
				CLANG_CXX_LANGUAGE_STANDARD = "gnu++14";
				CLANG_CXX_LIBRARY = "libc++";
				CLANG_ENABLE_MODULES = YES;
				CLANG_ENABLE_OBJC_ARC = YES;
				CLANG_ENABLE_OBJC_WEAK = YES;
				CLANG_WARN_BLOCK_CAPTURE_AUTORELEASING = YES;
				CLANG_WARN_BOOL_CONVERSION = YES;
				CLANG_WARN_COMMA = YES;
				CLANG_WARN_CONSTANT_CONVERSION = YES;
				CLANG_WARN_DEPRECATED_OBJC_IMPLEMENTATIONS = YES;
				CLANG_WARN_DIRECT_OBJC_ISA_USAGE = YES_ERROR;
				CLANG_WARN_DOCUMENTATION_COMMENTS = YES;
				CLANG_WARN_EMPTY_BODY = YES;
				CLANG_WARN_ENUM_CONVERSION = YES;
				CLANG_WARN_INFINITE_RECURSION = YES;
				CLANG_WARN_INT_CONVERSION = YES;
				CLANG_WARN_NON_LITERAL_NULL_CONVERSION = YES;
				CLANG_WARN_OBJC_IMPLICIT_RETAIN_SELF = YES;
				CLANG_WARN_OBJC_LITERAL_CONVERSION = YES;
				CLANG_WARN_OBJC_ROOT_CLASS = YES_ERROR;
				CLANG_WARN_RANGE_LOOP_ANALYSIS = YES;
				CLANG_WARN_STRICT_PROTOTYPES = YES;
				CLANG_WARN_SUSPICIOUS_MOVE = YES;
				CLANG_WARN_UNGUARDED_AVAILABILITY = YES_AGGRESSIVE;
				CLANG_WARN_UNREACHABLE_CODE = YES;
				CLANG_WARN__DUPLICATE_METHOD_MATCH = YES;
				CODE_SIGN_IDENTITY = "iPhone Developer";
				COPY_PHASE_STRIP = NO;
				DEBUG_INFORMATION_FORMAT = "dwarf-with-dsym";
				ENABLE_NS_ASSERTIONS = NO;
				ENABLE_STRICT_OBJC_MSGSEND = YES;
				GCC_C_LANGUAGE_STANDARD = gnu11;
				GCC_NO_COMMON_BLOCKS = YES;
				GCC_WARN_64_TO_32_BIT_CONVERSION = YES;
				GCC_WARN_ABOUT_RETURN_TYPE = YES_ERROR;
				GCC_WARN_UNDECLARED_SELECTOR = YES;
				GCC_WARN_UNINITIALIZED_AUTOS = YES_AGGRESSIVE;
				GCC_WARN_UNUSED_FUNCTION = YES;
				GCC_WARN_UNUSED_VARIABLE = YES;
				IPHONEOS_DEPLOYMENT_TARGET = 12.1;
				MTL_ENABLE_DEBUG_INFO = NO;
				MTL_FAST_MATH = YES;
				SDKROOT = iphoneos;
				SWIFT_COMPILATION_MODE = wholemodule;
				SWIFT_OPTIMIZATION_LEVEL = "-O";
				VALIDATE_PRODUCT = YES;
			};
			name = Release;
		};
		E653C3B02208AE2B0023EEF3 /* Debug */ = {
			isa = XCBuildConfiguration;
			buildSettings = {
				ASSETCATALOG_COMPILER_APPICON_NAME = AppIcon;
				CODE_SIGN_STYLE = Automatic;
				DEVELOPMENT_TEAM = SVY85ULPA9;
				INFOPLIST_FILE = Hello_World/Info.plist;
				LD_RUNPATH_SEARCH_PATHS = (
					"$(inherited)",
					"@executable_path/Frameworks",
				);
				PRODUCT_BUNDLE_IDENTIFIER = "edu.missouri.Hello-World";
				PRODUCT_NAME = "$(TARGET_NAME)";
				SWIFT_VERSION = 4.2;
				TARGETED_DEVICE_FAMILY = "1,2";
			};
			name = Debug;
		};
		E653C3B12208AE2B0023EEF3 /* Release */ = {
			isa = XCBuildConfiguration;
			buildSettings = {
				ASSETCATALOG_COMPILER_APPICON_NAME = AppIcon;
				CODE_SIGN_STYLE = Automatic;
				DEVELOPMENT_TEAM = SVY85ULPA9;
				INFOPLIST_FILE = Hello_World/Info.plist;
				LD_RUNPATH_SEARCH_PATHS = (
					"$(inherited)",
					"@executable_path/Frameworks",
				);
				PRODUCT_BUNDLE_IDENTIFIER = "edu.missouri.Hello-World";
				PRODUCT_NAME = "$(TARGET_NAME)";
				SWIFT_VERSION = 4.2;
				TARGETED_DEVICE_FAMILY = "1,2";
			};
			name = Release;
		};
		E653C3B32208AE2B0023EEF3 /* Debug */ = {
			isa = XCBuildConfiguration;
			buildSettings = {
				ALWAYS_EMBED_SWIFT_STANDARD_LIBRARIES = YES;
				BUNDLE_LOADER = "$(TEST_HOST)";
				CODE_SIGN_STYLE = Automatic;
				DEVELOPMENT_TEAM = SVY85ULPA9;
				INFOPLIST_FILE = Hello_WorldTests/Info.plist;
				LD_RUNPATH_SEARCH_PATHS = (
					"$(inherited)",
					"@executable_path/Frameworks",
					"@loader_path/Frameworks",
				);
				PRODUCT_BUNDLE_IDENTIFIER = "edu.missouri.Hello-WorldTests";
				PRODUCT_NAME = "$(TARGET_NAME)";
				SWIFT_VERSION = 4.2;
				TARGETED_DEVICE_FAMILY = "1,2";
				TEST_HOST = "$(BUILT_PRODUCTS_DIR)/Hello_World.app/Hello_World";
			};
			name = Debug;
		};
		E653C3B42208AE2B0023EEF3 /* Release */ = {
			isa = XCBuildConfiguration;
			buildSettings = {
				ALWAYS_EMBED_SWIFT_STANDARD_LIBRARIES = YES;
				BUNDLE_LOADER = "$(TEST_HOST)";
				CODE_SIGN_STYLE = Automatic;
				DEVELOPMENT_TEAM = SVY85ULPA9;
				INFOPLIST_FILE = Hello_WorldTests/Info.plist;
				LD_RUNPATH_SEARCH_PATHS = (
					"$(inherited)",
					"@executable_path/Frameworks",
					"@loader_path/Frameworks",
				);
				PRODUCT_BUNDLE_IDENTIFIER = "edu.missouri.Hello-WorldTests";
				PRODUCT_NAME = "$(TARGET_NAME)";
				SWIFT_VERSION = 4.2;
				TARGETED_DEVICE_FAMILY = "1,2";
				TEST_HOST = "$(BUILT_PRODUCTS_DIR)/Hello_World.app/Hello_World";
			};
			name = Release;
		};
		E653C3B62208AE2B0023EEF3 /* Debug */ = {
			isa = XCBuildConfiguration;
			buildSettings = {
				ALWAYS_EMBED_SWIFT_STANDARD_LIBRARIES = YES;
				CODE_SIGN_STYLE = Automatic;
				DEVELOPMENT_TEAM = SVY85ULPA9;
				INFOPLIST_FILE = Hello_WorldUITests/Info.plist;
				LD_RUNPATH_SEARCH_PATHS = (
					"$(inherited)",
					"@executable_path/Frameworks",
					"@loader_path/Frameworks",
				);
				PRODUCT_BUNDLE_IDENTIFIER = "edu.missouri.Hello-WorldUITests";
				PRODUCT_NAME = "$(TARGET_NAME)";
				SWIFT_VERSION = 4.2;
				TARGETED_DEVICE_FAMILY = "1,2";
				TEST_TARGET_NAME = Hello_World;
			};
			name = Debug;
		};
		E653C3B72208AE2B0023EEF3 /* Release */ = {
			isa = XCBuildConfiguration;
			buildSettings = {
				ALWAYS_EMBED_SWIFT_STANDARD_LIBRARIES = YES;
				CODE_SIGN_STYLE = Automatic;
				DEVELOPMENT_TEAM = SVY85ULPA9;
				INFOPLIST_FILE = Hello_WorldUITests/Info.plist;
				LD_RUNPATH_SEARCH_PATHS = (
					"$(inherited)",
					"@executable_path/Frameworks",
					"@loader_path/Frameworks",
				);
				PRODUCT_BUNDLE_IDENTIFIER = "edu.missouri.Hello-WorldUITests";
				PRODUCT_NAME = "$(TARGET_NAME)";
				SWIFT_VERSION = 4.2;
				TARGETED_DEVICE_FAMILY = "1,2";
				TEST_TARGET_NAME = Hello_World;
			};
			name = Release;
		};
/* End XCBuildConfiguration section */

/* Begin XCConfigurationList section */
		E653C37F2208AE290023EEF3 /* Build configuration list for PBXProject "Hello_World" */ = {
			isa = XCConfigurationList;
			buildConfigurations = (
				E653C3AD2208AE2B0023EEF3 /* Debug */,
				E653C3AE2208AE2B0023EEF3 /* Release */,
			);
			defaultConfigurationIsVisible = 0;
			defaultConfigurationName = Release;
		};
		E653C3AF2208AE2B0023EEF3 /* Build configuration list for PBXNativeTarget "Hello_World" */ = {
			isa = XCConfigurationList;
			buildConfigurations = (
				E653C3B02208AE2B0023EEF3 /* Debug */,
				E653C3B12208AE2B0023EEF3 /* Release */,
			);
			defaultConfigurationIsVisible = 0;
			defaultConfigurationName = Release;
		};
		E653C3B22208AE2B0023EEF3 /* Build configuration list for PBXNativeTarget "Hello_WorldTests" */ = {
			isa = XCConfigurationList;
			buildConfigurations = (
				E653C3B32208AE2B0023EEF3 /* Debug */,
				E653C3B42208AE2B0023EEF3 /* Release */,
			);
			defaultConfigurationIsVisible = 0;
			defaultConfigurationName = Release;
		};
		E653C3B52208AE2B0023EEF3 /* Build configuration list for PBXNativeTarget "Hello_WorldUITests" */ = {
			isa = XCConfigurationList;
			buildConfigurations = (
				E653C3B62208AE2B0023EEF3 /* Debug */,
				E653C3B72208AE2B0023EEF3 /* Release */,
			);
			defaultConfigurationIsVisible = 0;
			defaultConfigurationName = Release;
		};
/* End XCConfigurationList section */

/* Begin XCVersionGroup section */
		E653C38E2208AE290023EEF3 /* Hello_World.xcdatamodeld */ = {
			isa = XCVersionGroup;
			children = (
				E653C38F2208AE290023EEF3 /* Hello_World.xcdatamodel */,
			);
			currentVersion = E653C38F2208AE290023EEF3 /* Hello_World.xcdatamodel */;
			path = Hello_World.xcdatamodeld;
			sourceTree = "<group>";
			versionGroupType = wrapper.xcdatamodel;
		};
/* End XCVersionGroup section */
	};
	rootObject = E653C37C2208AE290023EEF3 /* Project object */;
}
